
Microsoft Visual Studio Solution File, Format Version 12.00
# Visual Studio Version 17
VisualStudioVersion = 17.9.34728.123
MinimumVisualStudioVersion = 10.0.40219.1
Project("{FAE04EC0-301F-11D3-BF4B-00C04F79EFBC}") = "Parcial1Prog3", "Parcial1Prog3\Parcial1Prog3.csproj", "{F12F7422-E0E8-4E6D-8399-935775A10153}"
EndProject
Global
	GlobalSection(SolutionConfigurationPlatforms) = preSolution
		Debug|Any CPU = Debug|Any CPU
		Release|Any CPU = Release|Any CPU
	EndGlobalSection
	GlobalSection(ProjectConfigurationPlatforms) = postSolution
		{F12F7422-E0E8-4E6D-8399-935775A10153}.Debug|Any CPU.ActiveCfg = Debug|Any CPU
		{F12F7422-E0E8-4E6D-8399-935775A10153}.Debug|Any CPU.Build.0 = Debug|Any CPU
		{F12F7422-E0E8-4E6D-8399-935775A10153}.Release|Any CPU.ActiveCfg = Release|Any CPU
		{F12F7422-E0E8-4E6D-8399-935775A10153}.Release|Any CPU.Build.0 = Release|Any CPU
	EndGlobalSection
	GlobalSection(SolutionProperties) = preSolution
		HideSolutionNode = FALSE
	EndGlobalSection
	GlobalSection(ExtensibilityGlobals) = postSolution
		SolutionGuid = {F6626A98-5346-4EDC-90D5-6CAD98134AC8}
	EndGlobalSection
EndGlobal
